
Microsoft Visual Studio Solution File, Format Version 12.00
# Visual Studio 14
VisualStudioVersion = 14.0.25123.0
MinimumVisualStudioVersion = 10.0.40219.1
Project("{FAE04EC0-301F-11D3-BF4B-00C04F79EFBC}") = "ticTacToe", "ticTacToe\ticTacToe.csproj", "{ED291252-3D2A-4187-8499-66A728ECEB1D}"
EndProject
Global
	GlobalSection(SolutionConfigurationPlatforms) = preSolution
		Debug|Any CPU = Debug|Any CPU
		Release|Any CPU = Release|Any CPU
	EndGlobalSection
	GlobalSection(ProjectConfigurationPlatforms) = postSolution
		{ED291252-3D2A-4187-8499-66A728ECEB1D}.Debug|Any CPU.ActiveCfg = Debug|Any CPU
		{ED291252-3D2A-4187-8499-66A728ECEB1D}.Debug|Any CPU.Build.0 = Debug|Any CPU
		{ED291252-3D2A-4187-8499-66A728ECEB1D}.Release|Any CPU.ActiveCfg = Release|Any CPU
		{ED291252-3D2A-4187-8499-66A728ECEB1D}.Release|Any CPU.Build.0 = Release|Any CPU
	EndGlobalSection
	GlobalSection(SolutionProperties) = preSolution
		HideSolutionNode = FALSE
	EndGlobalSection
EndGlobal
